
Microsoft Visual Studio Solution File, Format Version 11.00
# Visual Basic Express 2010
Project("{F184B08F-C81C-45F6-A57F-5ABD9991F28F}") = "ConvexHull1", "ConvexHull1\ConvexHull1.vbproj", "{5D37A299-A3C5-43E0-8798-AA3D57362B8E}"
EndProject
Global
	GlobalSection(SolutionConfigurationPlatforms) = preSolution
		Debug|x86 = Debug|x86
		Release|x86 = Release|x86
	EndGlobalSection
	GlobalSection(ProjectConfigurationPlatforms) = postSolution
		{5D37A299-A3C5-43E0-8798-AA3D57362B8E}.Debug|x86.ActiveCfg = Debug|x86
		{5D37A299-A3C5-43E0-8798-AA3D57362B8E}.Debug|x86.Build.0 = Debug|x86
		{5D37A299-A3C5-43E0-8798-AA3D57362B8E}.Release|x86.ActiveCfg = Release|x86
		{5D37A299-A3C5-43E0-8798-AA3D57362B8E}.Release|x86.Build.0 = Release|x86
	EndGlobalSection
	GlobalSection(SolutionProperties) = preSolution
		HideSolutionNode = FALSE
	EndGlobalSection
EndGlobal
